
Microsoft Visual Studio Solution File, Format Version 12.00
# Visual Studio 14
VisualStudioVersion = 14.0.25420.1
MinimumVisualStudioVersion = 10.0.40219.1
Project("{2150E333-8FDC-42A3-9474-1A3956D46DE8}") = "src", "src", "{1E2ADD0C-3C73-4796-BD47-778922D8B549}"
	ProjectSection(SolutionItems) = preProject
		Scratch.txt = Scratch.txt
	EndProjectSection
EndProject
Project("{2150E333-8FDC-42A3-9474-1A3956D46DE8}") = "Solution Items", "Solution Items", "{3F682376-62F4-4D24-9CEA-BA4756702E88}"
	ProjectSection(SolutionItems) = preProject
		global.json = global.json
	EndProjectSection
EndProject
Project("{8BB2217D-0F2D-49D1-97BC-3654ED321F3B}") = "BenevolentDictator", "src\BenevolentDictator\BenevolentDictator.xproj", "{0953FC64-CEC4-46AA-BEEE-4E6CADB3482F}"
EndProject
Global
	GlobalSection(SolutionConfigurationPlatforms) = preSolution
		Debug|Any CPU = Debug|Any CPU
		Release|Any CPU = Release|Any CPU
	EndGlobalSection
	GlobalSection(ProjectConfigurationPlatforms) = postSolution
		{0953FC64-CEC4-46AA-BEEE-4E6CADB3482F}.Debug|Any CPU.ActiveCfg = Debug|Any CPU
		{0953FC64-CEC4-46AA-BEEE-4E6CADB3482F}.Debug|Any CPU.Build.0 = Debug|Any CPU
		{0953FC64-CEC4-46AA-BEEE-4E6CADB3482F}.Release|Any CPU.ActiveCfg = Release|Any CPU
		{0953FC64-CEC4-46AA-BEEE-4E6CADB3482F}.Release|Any CPU.Build.0 = Release|Any CPU
	EndGlobalSection
	GlobalSection(SolutionProperties) = preSolution
		HideSolutionNode = FALSE
	EndGlobalSection
	GlobalSection(NestedProjects) = preSolution
		{0953FC64-CEC4-46AA-BEEE-4E6CADB3482F} = {1E2ADD0C-3C73-4796-BD47-778922D8B549}
	EndGlobalSection
EndGlobal
